
Microsoft Visual Studio Solution File, Format Version 12.00
# Visual Studio Version 16
VisualStudioVersion = 16.0.30611.23
MinimumVisualStudioVersion = 10.0.40219.1
Project("{FAE04EC0-301F-11D3-BF4B-00C04F79EFBC}") = "TypesAndVariables", "TypesAndVariables\TypesAndVariables.csproj", "{F4FB1309-10AC-4173-8112-B03DF6D4B33B}"
EndProject
Project("{FAE04EC0-301F-11D3-BF4B-00C04F79EFBC}") = "Methods", "Methods\Methods.csproj", "{B0DA1383-5D24-4B90-B2C4-5ECA6C6DAC04}"
EndProject
Project("{FAE04EC0-301F-11D3-BF4B-00C04F79EFBC}") = "Arrays", "Arrays\Arrays.csproj", "{FB4A4A63-8CBD-47BE-9744-28D09F046677}"
EndProject
Project("{FAE04EC0-301F-11D3-BF4B-00C04F79EFBC}") = "PrimeNumber", "PrimeNumber\PrimeNumber.csproj", "{DF911E4B-0EA0-4E06-A14C-7A917D53D6D9}"
EndProject
Project("{FAE04EC0-301F-11D3-BF4B-00C04F79EFBC}") = "Strings", "Strings\Strings.csproj", "{49278451-1515-4108-B4ED-7AEF83E63D3C}"
EndProject
Global
	GlobalSection(SolutionConfigurationPlatforms) = preSolution
		Debug|Any CPU = Debug|Any CPU
		Release|Any CPU = Release|Any CPU
	EndGlobalSection
	GlobalSection(ProjectConfigurationPlatforms) = postSolution
		{F4FB1309-10AC-4173-8112-B03DF6D4B33B}.Debug|Any CPU.ActiveCfg = Debug|Any CPU
		{F4FB1309-10AC-4173-8112-B03DF6D4B33B}.Debug|Any CPU.Build.0 = Debug|Any CPU
		{F4FB1309-10AC-4173-8112-B03DF6D4B33B}.Release|Any CPU.ActiveCfg = Release|Any CPU
		{F4FB1309-10AC-4173-8112-B03DF6D4B33B}.Release|Any CPU.Build.0 = Release|Any CPU
		{B0DA1383-5D24-4B90-B2C4-5ECA6C6DAC04}.Debug|Any CPU.ActiveCfg = Debug|Any CPU
		{B0DA1383-5D24-4B90-B2C4-5ECA6C6DAC04}.Debug|Any CPU.Build.0 = Debug|Any CPU
		{B0DA1383-5D24-4B90-B2C4-5ECA6C6DAC04}.Release|Any CPU.ActiveCfg = Release|Any CPU
		{B0DA1383-5D24-4B90-B2C4-5ECA6C6DAC04}.Release|Any CPU.Build.0 = Release|Any CPU
		{FB4A4A63-8CBD-47BE-9744-28D09F046677}.Debug|Any CPU.ActiveCfg = Debug|Any CPU
		{FB4A4A63-8CBD-47BE-9744-28D09F046677}.Debug|Any CPU.Build.0 = Debug|Any CPU
		{FB4A4A63-8CBD-47BE-9744-28D09F046677}.Release|Any CPU.ActiveCfg = Release|Any CPU
		{FB4A4A63-8CBD-47BE-9744-28D09F046677}.Release|Any CPU.Build.0 = Release|Any CPU
		{DF911E4B-0EA0-4E06-A14C-7A917D53D6D9}.Debug|Any CPU.ActiveCfg = Debug|Any CPU
		{DF911E4B-0EA0-4E06-A14C-7A917D53D6D9}.Debug|Any CPU.Build.0 = Debug|Any CPU
		{DF911E4B-0EA0-4E06-A14C-7A917D53D6D9}.Release|Any CPU.ActiveCfg = Release|Any CPU
		{DF911E4B-0EA0-4E06-A14C-7A917D53D6D9}.Release|Any CPU.Build.0 = Release|Any CPU
		{49278451-1515-4108-B4ED-7AEF83E63D3C}.Debug|Any CPU.ActiveCfg = Debug|Any CPU
		{49278451-1515-4108-B4ED-7AEF83E63D3C}.Debug|Any CPU.Build.0 = Debug|Any CPU
		{49278451-1515-4108-B4ED-7AEF83E63D3C}.Release|Any CPU.ActiveCfg = Release|Any CPU
		{49278451-1515-4108-B4ED-7AEF83E63D3C}.Release|Any CPU.Build.0 = Release|Any CPU
	EndGlobalSection
	GlobalSection(SolutionProperties) = preSolution
		HideSolutionNode = FALSE
	EndGlobalSection
	GlobalSection(ExtensibilityGlobals) = postSolution
		SolutionGuid = {7063B06D-E6DB-4BDB-81B0-D6B2F094A494}
	EndGlobalSection
EndGlobal
